// !$*UTF8*$!
{
	archiveVersion = 1;
	classes = {
	};
	objectVersion = 46;
	objects = {

/* Begin PBXBuildFile section */
		289B7D6F1E70F28400BB95B9 /* AppDelegate.swift in Sources */ = {isa = PBXBuildFile; fileRef = 289B7D6E1E70F28400BB95B9 /* AppDelegate.swift */; };
		289B7D741E70F28400BB95B9 /* Main.storyboard in Resources */ = {isa = PBXBuildFile; fileRef = 289B7D721E70F28400BB95B9 /* Main.storyboard */; };
		289B7D761E70F28400BB95B9 /* Assets.xcassets in Resources */ = {isa = PBXBuildFile; fileRef = 289B7D751E70F28400BB95B9 /* Assets.xcassets */; };
		289B7D791E70F28400BB95B9 /* LaunchScreen.storyboard in Resources */ = {isa = PBXBuildFile; fileRef = 289B7D771E70F28400BB95B9 /* LaunchScreen.storyboard */; };
		289B7D841E70F28500BB95B9 /* tippyTests.swift in Sources */ = {isa = PBXBuildFile; fileRef = 289B7D831E70F28500BB95B9 /* tippyTests.swift */; };
		289B7D8F1E70F28500BB95B9 /* tippyUITests.swift in Sources */ = {isa = PBXBuildFile; fileRef = 289B7D8E1E70F28500BB95B9 /* tippyUITests.swift */; };
		289B7D9D1E7107A000BB95B9 /* SettingsViewController.swift in Sources */ = {isa = PBXBuildFile; fileRef = 289B7D9C1E7107A000BB95B9 /* SettingsViewController.swift */; };
		3469C3F51E7F5BB200A0571F /* TipViewController.swift in Sources */ = {isa = PBXBuildFile; fileRef = 3469C3F41E7F5BB200A0571F /* TipViewController.swift */; };
		34B1C2271E730B2D00FBC025 /* ColorExtension.swift in Sources */ = {isa = PBXBuildFile; fileRef = 34B1C2261E730B2D00FBC025 /* ColorExtension.swift */; };
		34B1C2291E73614400FBC025 /* CustomSegues.swift in Sources */ = {isa = PBXBuildFile; fileRef = 34B1C2281E73614400FBC025 /* CustomSegues.swift */; };
		795311BDF43E50672DEB350A /* Pods_tippyUITests.framework in Frameworks */ = {isa = PBXBuildFile; fileRef = 488F8ADBA49E7622DBAD8235 /* Pods_tippyUITests.framework */; };
		7C258B02D4BE2D2994BFFB47 /* Pods_tippy.framework in Frameworks */ = {isa = PBXBuildFile; fileRef = D4A3E029217380BCFEB69FB7 /* Pods_tippy.framework */; };
		D66A11A959B41FFA557887B8 /* Pods_tippyTests.framework in Frameworks */ = {isa = PBXBuildFile; fileRef = EF559EEA086516D9A5282CC8 /* Pods_tippyTests.framework */; };
/* End PBXBuildFile section */

/* Begin PBXContainerItemProxy section */
		289B7D801E70F28500BB95B9 /* PBXContainerItemProxy */ = {
			isa = PBXContainerItemProxy;
			containerPortal = 289B7D631E70F28300BB95B9 /* Project object */;
			proxyType = 1;
			remoteGlobalIDString = 289B7D6A1E70F28400BB95B9;
			remoteInfo = tippy;
		};
		289B7D8B1E70F28500BB95B9 /* PBXContainerItemProxy */ = {
			isa = PBXContainerItemProxy;
			containerPortal = 289B7D631E70F28300BB95B9 /* Project object */;
			proxyType = 1;
			remoteGlobalIDString = 289B7D6A1E70F28400BB95B9;
			remoteInfo = tippy;
		};
/* End PBXContainerItemProxy section */

/* Begin PBXFileReference section */
		1897F92635494CDA41555DEE /* Pods-tippy.debug.xcconfig */ = {isa = PBXFileReference; includeInIndex = 1; lastKnownFileType = text.xcconfig; name = "Pods-tippy.debug.xcconfig"; path = "Pods/Target Support Files/Pods-tippy/Pods-tippy.debug.xcconfig"; sourceTree = "<group>"; };
		289B7D6B1E70F28400BB95B9 /* tippy.app */ = {isa = PBXFileReference; explicitFileType = wrapper.application; includeInIndex = 0; path = tippy.app; sourceTree = BUILT_PRODUCTS_DIR; };
		289B7D6E1E70F28400BB95B9 /* AppDelegate.swift */ = {isa = PBXFileReference; lastKnownFileType = sourcecode.swift; path = AppDelegate.swift; sourceTree = "<group>"; };
		289B7D731E70F28400BB95B9 /* Base */ = {isa = PBXFileReference; lastKnownFileType = file.storyboard; name = Base; path = Base.lproj/Main.storyboard; sourceTree = "<group>"; };
		289B7D751E70F28400BB95B9 /* Assets.xcassets */ = {isa = PBXFileReference; lastKnownFileType = folder.assetcatalog; path = Assets.xcassets; sourceTree = "<group>"; };
		289B7D781E70F28400BB95B9 /* Base */ = {isa = PBXFileReference; lastKnownFileType = file.storyboard; name = Base; path = Base.lproj/LaunchScreen.storyboard; sourceTree = "<group>"; };
		289B7D7A1E70F28400BB95B9 /* Info.plist */ = {isa = PBXFileReference; lastKnownFileType = text.plist.xml; path = Info.plist; sourceTree = "<group>"; };
		289B7D7F1E70F28500BB95B9 /* tippyTests.xctest */ = {isa = PBXFileReference; explicitFileType = wrapper.cfbundle; includeInIndex = 0; path = tippyTests.xctest; sourceTree = BUILT_PRODUCTS_DIR; };
		289B7D831E70F28500BB95B9 /* tippyTests.swift */ = {isa = PBXFileReference; lastKnownFileType = sourcecode.swift; path = tippyTests.swift; sourceTree = "<group>"; };
		289B7D851E70F28500BB95B9 /* Info.plist */ = {isa = PBXFileReference; lastKnownFileType = text.plist.xml; path = Info.plist; sourceTree = "<group>"; };
		289B7D8A1E70F28500BB95B9 /* tippyUITests.xctest */ = {isa = PBXFileReference; explicitFileType = wrapper.cfbundle; includeInIndex = 0; path = tippyUITests.xctest; sourceTree = BUILT_PRODUCTS_DIR; };
		289B7D8E1E70F28500BB95B9 /* tippyUITests.swift */ = {isa = PBXFileReference; lastKnownFileType = sourcecode.swift; path = tippyUITests.swift; sourceTree = "<group>"; };
		289B7D901E70F28500BB95B9 /* Info.plist */ = {isa = PBXFileReference; lastKnownFileType = text.plist.xml; path = Info.plist; sourceTree = "<group>"; };
		289B7D9C1E7107A000BB95B9 /* SettingsViewController.swift */ = {isa = PBXFileReference; fileEncoding = 4; lastKnownFileType = sourcecode.swift; path = SettingsViewController.swift; sourceTree = "<group>"; };
		340775711E822C8B00FB2AE0 /* JTMaterialTransition.framework */ = {isa = PBXFileReference; lastKnownFileType = wrapper.framework; name = JTMaterialTransition.framework; path = "../../../Library/Developer/Xcode/DerivedData/tippy-hkccqzobglwktgerdogelmjrwglo/Build/Products/Debug-iphonesimulator/JTMaterialTransition/JTMaterialTransition.framework"; sourceTree = "<group>"; };
		3469C3F41E7F5BB200A0571F /* TipViewController.swift */ = {isa = PBXFileReference; fileEncoding = 4; lastKnownFileType = sourcecode.swift; path = TipViewController.swift; sourceTree = "<group>"; };
		34B1C2261E730B2D00FBC025 /* ColorExtension.swift */ = {isa = PBXFileReference; fileEncoding = 4; lastKnownFileType = sourcecode.swift; path = ColorExtension.swift; sourceTree = "<group>"; };
		34B1C2281E73614400FBC025 /* CustomSegues.swift */ = {isa = PBXFileReference; fileEncoding = 4; lastKnownFileType = sourcecode.swift; path = CustomSegues.swift; sourceTree = "<group>"; };
		34B799051E82399A0042B659 /* Jelly.framework */ = {isa = PBXFileReference; lastKnownFileType = wrapper.framework; name = Jelly.framework; path = "../../../Library/Developer/Xcode/DerivedData/tippy-hkccqzobglwktgerdogelmjrwglo/Build/Products/Debug-iphonesimulator/Jelly/Jelly.framework"; sourceTree = "<group>"; };
		34DA6D311E8232BF00D9923F /* SideMenu.framework */ = {isa = PBXFileReference; lastKnownFileType = wrapper.framework; name = SideMenu.framework; path = "../../../Library/Developer/Xcode/DerivedData/tippy-hkccqzobglwktgerdogelmjrwglo/Build/Products/Debug-iphonesimulator/YALSideMenu/SideMenu.framework"; sourceTree = "<group>"; };
		488F8ADBA49E7622DBAD8235 /* Pods_tippyUITests.framework */ = {isa = PBXFileReference; explicitFileType = wrapper.framework; includeInIndex = 0; path = Pods_tippyUITests.framework; sourceTree = BUILT_PRODUCTS_DIR; };
		58C81F0F7B3064EFF8C343AC /* Pods-tippyUITests.debug.xcconfig */ = {isa = PBXFileReference; includeInIndex = 1; lastKnownFileType = text.xcconfig; name = "Pods-tippyUITests.debug.xcconfig"; path = "Pods/Target Support Files/Pods-tippyUITests/Pods-tippyUITests.debug.xcconfig"; sourceTree = "<group>"; };
		5C4F37AD00532B01D8ED0BE4 /* Pods-tippy.release.xcconfig */ = {isa = PBXFileReference; includeInIndex = 1; lastKnownFileType = text.xcconfig; name = "Pods-tippy.release.xcconfig"; path = "Pods/Target Support Files/Pods-tippy/Pods-tippy.release.xcconfig"; sourceTree = "<group>"; };
		BD9CFC93704E3806A6CAC5A2 /* Pods-tippyTests.debug.xcconfig */ = {isa = PBXFileReference; includeInIndex = 1; lastKnownFileType = text.xcconfig; name = "Pods-tippyTests.debug.xcconfig"; path = "Pods/Target Support Files/Pods-tippyTests/Pods-tippyTests.debug.xcconfig"; sourceTree = "<group>"; };
		D2445DD2E0360640C137E909 /* Pods-tippyTests.release.xcconfig */ = {isa = PBXFileReference; includeInIndex = 1; lastKnownFileType = text.xcconfig; name = "Pods-tippyTests.release.xcconfig"; path = "Pods/Target Support Files/Pods-tippyTests/Pods-tippyTests.release.xcconfig"; sourceTree = "<group>"; };
		D4A3E029217380BCFEB69FB7 /* Pods_tippy.framework */ = {isa = PBXFileReference; explicitFileType = wrapper.framework; includeInIndex = 0; path = Pods_tippy.framework; sourceTree = BUILT_PRODUCTS_DIR; };
		ECCC491F257442AA3F60FBF8 /* Pods-tippyUITests.release.xcconfig */ = {isa = PBXFileReference; includeInIndex = 1; lastKnownFileType = text.xcconfig; name = "Pods-tippyUITests.release.xcconfig"; path = "Pods/Target Support Files/Pods-tippyUITests/Pods-tippyUITests.release.xcconfig"; sourceTree = "<group>"; };
		EF559EEA086516D9A5282CC8 /* Pods_tippyTests.framework */ = {isa = PBXFileReference; explicitFileType = wrapper.framework; includeInIndex = 0; path = Pods_tippyTests.framework; sourceTree = BUILT_PRODUCTS_DIR; };
/* End PBXFileReference section */

/* Begin PBXFrameworksBuildPhase section */
		289B7D681E70F28400BB95B9 /* Frameworks */ = {
			isa = PBXFrameworksBuildPhase;
			buildActionMask = 2147483647;
			files = (
				7C258B02D4BE2D2994BFFB47 /* Pods_tippy.framework in Frameworks */,
			);
			runOnlyForDeploymentPostprocessing = 0;
		};
		289B7D7C1E70F28500BB95B9 /* Frameworks */ = {
			isa = PBXFrameworksBuildPhase;
			buildActionMask = 2147483647;
			files = (
				D66A11A959B41FFA557887B8 /* Pods_tippyTests.framework in Frameworks */,
			);
			runOnlyForDeploymentPostprocessing = 0;
		};
		289B7D871E70F28500BB95B9 /* Frameworks */ = {
			isa = PBXFrameworksBuildPhase;
			buildActionMask = 2147483647;
			files = (
				795311BDF43E50672DEB350A /* Pods_tippyUITests.framework in Frameworks */,
			);
			runOnlyForDeploymentPostprocessing = 0;
		};
/* End PBXFrameworksBuildPhase section */

/* Begin PBXGroup section */
		289B7D621E70F28300BB95B9 = {
			isa = PBXGroup;
			children = (
				289B7D6D1E70F28400BB95B9 /* tippy */,
				289B7D821E70F28500BB95B9 /* tippyTests */,
				289B7D8D1E70F28500BB95B9 /* tippyUITests */,
				289B7D6C1E70F28400BB95B9 /* Products */,
				833EB4AAC36F35941E01ABC1 /* Pods */,
				D5B074B4537450C4AA760A6D /* Frameworks */,
			);
			sourceTree = "<group>";
		};
		289B7D6C1E70F28400BB95B9 /* Products */ = {
			isa = PBXGroup;
			children = (
				289B7D6B1E70F28400BB95B9 /* tippy.app */,
				289B7D7F1E70F28500BB95B9 /* tippyTests.xctest */,
				289B7D8A1E70F28500BB95B9 /* tippyUITests.xctest */,
			);
			name = Products;
			sourceTree = "<group>";
		};
		289B7D6D1E70F28400BB95B9 /* tippy */ = {
			isa = PBXGroup;
			children = (
				289B7D6E1E70F28400BB95B9 /* AppDelegate.swift */,
				34B1C2261E730B2D00FBC025 /* ColorExtension.swift */,
				3469C3F41E7F5BB200A0571F /* TipViewController.swift */,
				289B7D9C1E7107A000BB95B9 /* SettingsViewController.swift */,
				34B1C2281E73614400FBC025 /* CustomSegues.swift */,
				289B7D721E70F28400BB95B9 /* Main.storyboard */,
				289B7D751E70F28400BB95B9 /* Assets.xcassets */,
				289B7D771E70F28400BB95B9 /* LaunchScreen.storyboard */,
				289B7D7A1E70F28400BB95B9 /* Info.plist */,
			);
			path = tippy;
			sourceTree = "<group>";
		};
		289B7D821E70F28500BB95B9 /* tippyTests */ = {
			isa = PBXGroup;
			children = (
				289B7D831E70F28500BB95B9 /* tippyTests.swift */,
				289B7D851E70F28500BB95B9 /* Info.plist */,
			);
			path = tippyTests;
			sourceTree = "<group>";
		};
		289B7D8D1E70F28500BB95B9 /* tippyUITests */ = {
			isa = PBXGroup;
			children = (
				289B7D8E1E70F28500BB95B9 /* tippyUITests.swift */,
				289B7D901E70F28500BB95B9 /* Info.plist */,
			);
			path = tippyUITests;
			sourceTree = "<group>";
		};
		833EB4AAC36F35941E01ABC1 /* Pods */ = {
			isa = PBXGroup;
			children = (
				1897F92635494CDA41555DEE /* Pods-tippy.debug.xcconfig */,
				5C4F37AD00532B01D8ED0BE4 /* Pods-tippy.release.xcconfig */,
				BD9CFC93704E3806A6CAC5A2 /* Pods-tippyTests.debug.xcconfig */,
				D2445DD2E0360640C137E909 /* Pods-tippyTests.release.xcconfig */,
				58C81F0F7B3064EFF8C343AC /* Pods-tippyUITests.debug.xcconfig */,
				ECCC491F257442AA3F60FBF8 /* Pods-tippyUITests.release.xcconfig */,
			);
			name = Pods;
			sourceTree = "<group>";
		};
		D5B074B4537450C4AA760A6D /* Frameworks */ = {
			isa = PBXGroup;
			children = (
				34B799051E82399A0042B659 /* Jelly.framework */,
				34DA6D311E8232BF00D9923F /* SideMenu.framework */,
				340775711E822C8B00FB2AE0 /* JTMaterialTransition.framework */,
				D4A3E029217380BCFEB69FB7 /* Pods_tippy.framework */,
				EF559EEA086516D9A5282CC8 /* Pods_tippyTests.framework */,
				488F8ADBA49E7622DBAD8235 /* Pods_tippyUITests.framework */,
			);
			name = Frameworks;
			sourceTree = "<group>";
		};
/* End PBXGroup section */

/* Begin PBXNativeTarget section */
		289B7D6A1E70F28400BB95B9 /* tippy */ = {
			isa = PBXNativeTarget;
			buildConfigurationList = 289B7D931E70F28500BB95B9 /* Build configuration list for PBXNativeTarget "tippy" */;
			buildPhases = (
				8A6659B93C40BBD741C532F2 /* [CP] Check Pods Manifest.lock */,
				289B7D671E70F28400BB95B9 /* Sources */,
				289B7D681E70F28400BB95B9 /* Frameworks */,
				289B7D691E70F28400BB95B9 /* Resources */,
				074DF615D734BF884544C4A6 /* [CP] Embed Pods Frameworks */,
				F484D697272AD51C5EE700B0 /* [CP] Copy Pods Resources */,
			);
			buildRules = (
			);
			dependencies = (
			);
			name = tippy;
			productName = tippy;
			productReference = 289B7D6B1E70F28400BB95B9 /* tippy.app */;
			productType = "com.apple.product-type.application";
		};
		289B7D7E1E70F28500BB95B9 /* tippyTests */ = {
			isa = PBXNativeTarget;
			buildConfigurationList = 289B7D961E70F28500BB95B9 /* Build configuration list for PBXNativeTarget "tippyTests" */;
			buildPhases = (
				5F6782D3DCD306DDDF302564 /* [CP] Check Pods Manifest.lock */,
				289B7D7B1E70F28500BB95B9 /* Sources */,
				289B7D7C1E70F28500BB95B9 /* Frameworks */,
				289B7D7D1E70F28500BB95B9 /* Resources */,
				3B39E995B73653E324D228E7 /* [CP] Embed Pods Frameworks */,
				2DC9D50375ACCBB5F89A490B /* [CP] Copy Pods Resources */,
			);
			buildRules = (
			);
			dependencies = (
				289B7D811E70F28500BB95B9 /* PBXTargetDependency */,
			);
			name = tippyTests;
			productName = tippyTests;
			productReference = 289B7D7F1E70F28500BB95B9 /* tippyTests.xctest */;
			productType = "com.apple.product-type.bundle.unit-test";
		};
		289B7D891E70F28500BB95B9 /* tippyUITests */ = {
			isa = PBXNativeTarget;
			buildConfigurationList = 289B7D991E70F28500BB95B9 /* Build configuration list for PBXNativeTarget "tippyUITests" */;
			buildPhases = (
				C0BA1F6F008D222A58F2FCAD /* [CP] Check Pods Manifest.lock */,
				289B7D861E70F28500BB95B9 /* Sources */,
				289B7D871E70F28500BB95B9 /* Frameworks */,
				289B7D881E70F28500BB95B9 /* Resources */,
				3C01A812C2923BD9D679B629 /* [CP] Embed Pods Frameworks */,
				C0C07A7D0B7CD55A50EAF5A4 /* [CP] Copy Pods Resources */,
			);
			buildRules = (
			);
			dependencies = (
				289B7D8C1E70F28500BB95B9 /* PBXTargetDependency */,
			);
			name = tippyUITests;
			productName = tippyUITests;
			productReference = 289B7D8A1E70F28500BB95B9 /* tippyUITests.xctest */;
			productType = "com.apple.product-type.bundle.ui-testing";
		};
/* End PBXNativeTarget section */

/* Begin PBXProject section */
		289B7D631E70F28300BB95B9 /* Project object */ = {
			isa = PBXProject;
			attributes = {
				LastSwiftUpdateCheck = 0820;
				LastUpgradeCheck = 0820;
				ORGANIZATIONNAME = "Rainman Technologies";
				TargetAttributes = {
					289B7D6A1E70F28400BB95B9 = {
						CreatedOnToolsVersion = 8.2.1;
						DevelopmentTeam = ZG96T3M585;
						LastSwiftMigration = 0820;
						ProvisioningStyle = Automatic;
					};
					289B7D7E1E70F28500BB95B9 = {
						CreatedOnToolsVersion = 8.2.1;
						DevelopmentTeam = ZG96T3M585;
						LastSwiftMigration = 0820;
						ProvisioningStyle = Automatic;
						TestTargetID = 289B7D6A1E70F28400BB95B9;
					};
					289B7D891E70F28500BB95B9 = {
						CreatedOnToolsVersion = 8.2.1;
						DevelopmentTeam = ZG96T3M585;
						LastSwiftMigration = 0820;
						ProvisioningStyle = Automatic;
						TestTargetID = 289B7D6A1E70F28400BB95B9;
					};
				};
			};
			buildConfigurationList = 289B7D661E70F28400BB95B9 /* Build configuration list for PBXProject "tippy" */;
			compatibilityVersion = "Xcode 3.2";
			developmentRegion = English;
			hasScannedForEncodings = 0;
			knownRegions = (
				en,
				Base,
			);
			mainGroup = 289B7D621E70F28300BB95B9;
			productRefGroup = 289B7D6C1E70F28400BB95B9 /* Products */;
			projectDirPath = "";
			projectRoot = "";
			targets = (
				289B7D6A1E70F28400BB95B9 /* tippy */,
				289B7D7E1E70F28500BB95B9 /* tippyTests */,
				289B7D891E70F28500BB95B9 /* tippyUITests */,
			);
		};
/* End PBXProject section */

/* Begin PBXResourcesBuildPhase section */
		289B7D691E70F28400BB95B9 /* Resources */ = {
			isa = PBXResourcesBuildPhase;
			buildActionMask = 2147483647;
			files = (
				289B7D791E70F28400BB95B9 /* LaunchScreen.storyboard in Resources */,
				289B7D761E70F28400BB95B9 /* Assets.xcassets in Resources */,
				289B7D741E70F28400BB95B9 /* Main.storyboard in Resources */,
			);
			runOnlyForDeploymentPostprocessing = 0;
		};
		289B7D7D1E70F28500BB95B9 /* Resources */ = {
			isa = PBXResourcesBuildPhase;
			buildActionMask = 2147483647;
			files = (
			);
			runOnlyForDeploymentPostprocessing = 0;
		};
		289B7D881E70F28500BB95B9 /* Resources */ = {
			isa = PBXResourcesBuildPhase;
			buildActionMask = 2147483647;
			files = (
			);
			runOnlyForDeploymentPostprocessing = 0;
		};
/* End PBXResourcesBuildPhase section */

/* Begin PBXShellScriptBuildPhase section */
		074DF615D734BF884544C4A6 /* [CP] Embed Pods Frameworks */ = {
			isa = PBXShellScriptBuildPhase;
			buildActionMask = 2147483647;
			files = (
			);
			inputPaths = (
			);
			name = "[CP] Embed Pods Frameworks";
			outputPaths = (
			);
			runOnlyForDeploymentPostprocessing = 0;
			shellPath = /bin/sh;
			shellScript = "\"${SRCROOT}/Pods/Target Support Files/Pods-tippy/Pods-tippy-frameworks.sh\"\n";
			showEnvVarsInLog = 0;
		};
		2DC9D50375ACCBB5F89A490B /* [CP] Copy Pods Resources */ = {
			isa = PBXShellScriptBuildPhase;
			buildActionMask = 2147483647;
			files = (
			);
			inputPaths = (
			);
			name = "[CP] Copy Pods Resources";
			outputPaths = (
			);
			runOnlyForDeploymentPostprocessing = 0;
			shellPath = /bin/sh;
			shellScript = "\"${SRCROOT}/Pods/Target Support Files/Pods-tippyTests/Pods-tippyTests-resources.sh\"\n";
			showEnvVarsInLog = 0;
		};
		3B39E995B73653E324D228E7 /* [CP] Embed Pods Frameworks */ = {
			isa = PBXShellScriptBuildPhase;
			buildActionMask = 2147483647;
			files = (
			);
			inputPaths = (
			);
			name = "[CP] Embed Pods Frameworks";
			outputPaths = (
			);
			runOnlyForDeploymentPostprocessing = 0;
			shellPath = /bin/sh;
			shellScript = "\"${SRCROOT}/Pods/Target Support Files/Pods-tippyTests/Pods-tippyTests-frameworks.sh\"\n";
			showEnvVarsInLog = 0;
		};
		3C01A812C2923BD9D679B629 /* [CP] Embed Pods Frameworks */ = {
			isa = PBXShellScriptBuildPhase;
			buildActionMask = 2147483647;
			files = (
			);
			inputPaths = (
			);
			name = "[CP] Embed Pods Frameworks";
			outputPaths = (
			);
			runOnlyForDeploymentPostprocessing = 0;
			shellPath = /bin/sh;
			shellScript = "\"${SRCROOT}/Pods/Target Support Files/Pods-tippyUITests/Pods-tippyUITests-frameworks.sh\"\n";
			showEnvVarsInLog = 0;
		};
		5F6782D3DCD306DDDF302564 /* [CP] Check Pods Manifest.lock */ = {
			isa = PBXShellScriptBuildPhase;
			buildActionMask = 2147483647;
			files = (
			);
			inputPaths = (
			);
			name = "[CP] Check Pods Manifest.lock";
			outputPaths = (
			);
			runOnlyForDeploymentPostprocessing = 0;
			shellPath = /bin/sh;
			shellScript = "diff \"${PODS_ROOT}/../Podfile.lock\" \"${PODS_ROOT}/Manifest.lock\" > /dev/null\nif [ $? != 0 ] ; then\n    # print error to STDERR\n    echo \"error: The sandbox is not in sync with the Podfile.lock. Run 'pod install' or update your CocoaPods installation.\" >&2\n    exit 1\nfi\n";
			showEnvVarsInLog = 0;
		};
		8A6659B93C40BBD741C532F2 /* [CP] Check Pods Manifest.lock */ = {
			isa = PBXShellScriptBuildPhase;
			buildActionMask = 2147483647;
			files = (
			);
			inputPaths = (
			);
			name = "[CP] Check Pods Manifest.lock";
			outputPaths = (
			);
			runOnlyForDeploymentPostprocessing = 0;
			shellPath = /bin/sh;
			shellScript = "diff \"${PODS_ROOT}/../Podfile.lock\" \"${PODS_ROOT}/Manifest.lock\" > /dev/null\nif [ $? != 0 ] ; then\n    # print error to STDERR\n    echo \"error: The sandbox is not in sync with the Podfile.lock. Run 'pod install' or update your CocoaPods installation.\" >&2\n    exit 1\nfi\n";
			showEnvVarsInLog = 0;
		};
		C0BA1F6F008D222A58F2FCAD /* [CP] Check Pods Manifest.lock */ = {
			isa = PBXShellScriptBuildPhase;
			buildActionMask = 2147483647;
			files = (
			);
			inputPaths = (
			);
			name = "[CP] Check Pods Manifest.lock";
			outputPaths = (
			);
			runOnlyForDeploymentPostprocessing = 0;
			shellPath = /bin/sh;
			shellScript = "diff \"${PODS_ROOT}/../Podfile.lock\" \"${PODS_ROOT}/Manifest.lock\" > /dev/null\nif [ $? != 0 ] ; then\n    # print error to STDERR\n    echo \"error: The sandbox is not in sync with the Podfile.lock. Run 'pod install' or update your CocoaPods installation.\" >&2\n    exit 1\nfi\n";
			showEnvVarsInLog = 0;
		};
		C0C07A7D0B7CD55A50EAF5A4 /* [CP] Copy Pods Resources */ = {
			isa = PBXShellScriptBuildPhase;
			buildActionMask = 2147483647;
			files = (
			);
			inputPaths = (
			);
			name = "[CP] Copy Pods Resources";
			outputPaths = (
			);
			runOnlyForDeploymentPostprocessing = 0;
			shellPath = /bin/sh;
			shellScript = "\"${SRCROOT}/Pods/Target Support Files/Pods-tippyUITests/Pods-tippyUITests-resources.sh\"\n";
			showEnvVarsInLog = 0;
		};
		F484D697272AD51C5EE700B0 /* [CP] Copy Pods Resources */ = {
			isa = PBXShellScriptBuildPhase;
			buildActionMask = 2147483647;
			files = (
			);
			inputPaths = (
			);
			name = "[CP] Copy Pods Resources";
			outputPaths = (
			);
			runOnlyForDeploymentPostprocessing = 0;
			shellPath = /bin/sh;
			shellScript = "\"${SRCROOT}/Pods/Target Support Files/Pods-tippy/Pods-tippy-resources.sh\"\n";
			showEnvVarsInLog = 0;
		};
/* End PBXShellScriptBuildPhase section */

/* Begin PBXSourcesBuildPhase section */
		289B7D671E70F28400BB95B9 /* Sources */ = {
			isa = PBXSourcesBuildPhase;
			buildActionMask = 2147483647;
			files = (
				34B1C2291E73614400FBC025 /* CustomSegues.swift in Sources */,
				289B7D6F1E70F28400BB95B9 /* AppDelegate.swift in Sources */,
				289B7D9D1E7107A000BB95B9 /* SettingsViewController.swift in Sources */,
				3469C3F51E7F5BB200A0571F /* TipViewController.swift in Sources */,
				34B1C2271E730B2D00FBC025 /* ColorExtension.swift in Sources */,
			);
			runOnlyForDeploymentPostprocessing = 0;
		};
		289B7D7B1E70F28500BB95B9 /* Sources */ = {
			isa = PBXSourcesBuildPhase;
			buildActionMask = 2147483647;
			files = (
				289B7D841E70F28500BB95B9 /* tippyTests.swift in Sources */,
			);
			runOnlyForDeploymentPostprocessing = 0;
		};
		289B7D861E70F28500BB95B9 /* Sources */ = {
			isa = PBXSourcesBuildPhase;
			buildActionMask = 2147483647;
			files = (
				289B7D8F1E70F28500BB95B9 /* tippyUITests.swift in Sources */,
			);
			runOnlyForDeploymentPostprocessing = 0;
		};
/* End PBXSourcesBuildPhase section */

/* Begin PBXTargetDependency section */
		289B7D811E70F28500BB95B9 /* PBXTargetDependency */ = {
			isa = PBXTargetDependency;
			target = 289B7D6A1E70F28400BB95B9 /* tippy */;
			targetProxy = 289B7D801E70F28500BB95B9 /* PBXContainerItemProxy */;
		};
		289B7D8C1E70F28500BB95B9 /* PBXTargetDependency */ = {
			isa = PBXTargetDependency;
			target = 289B7D6A1E70F28400BB95B9 /* tippy */;
			targetProxy = 289B7D8B1E70F28500BB95B9 /* PBXContainerItemProxy */;
		};
/* End PBXTargetDependency section */

/* Begin PBXVariantGroup section */
		289B7D721E70F28400BB95B9 /* Main.storyboard */ = {
			isa = PBXVariantGroup;
			children = (
				289B7D731E70F28400BB95B9 /* Base */,
			);
			name = Main.storyboard;
			sourceTree = "<group>";
		};
		289B7D771E70F28400BB95B9 /* LaunchScreen.storyboard */ = {
			isa = PBXVariantGroup;
			children = (
				289B7D781E70F28400BB95B9 /* Base */,
			);
			name = LaunchScreen.storyboard;
			sourceTree = "<group>";
		};
/* End PBXVariantGroup section */

/* Begin XCBuildConfiguration section */
		289B7D911E70F28500BB95B9 /* Debug */ = {
			isa = XCBuildConfiguration;
			buildSettings = {
				ALWAYS_SEARCH_USER_PATHS = NO;
				CLANG_ANALYZER_NONNULL = YES;
				CLANG_CXX_LANGUAGE_STANDARD = "gnu++0x";
				CLANG_CXX_LIBRARY = "libc++";
				CLANG_ENABLE_MODULES = YES;
				CLANG_ENABLE_OBJC_ARC = YES;
				CLANG_WARN_BOOL_CONVERSION = YES;
				CLANG_WARN_CONSTANT_CONVERSION = YES;
				CLANG_WARN_DIRECT_OBJC_ISA_USAGE = YES_ERROR;
				CLANG_WARN_DOCUMENTATION_COMMENTS = YES;
				CLANG_WARN_EMPTY_BODY = YES;
				CLANG_WARN_ENUM_CONVERSION = YES;
				CLANG_WARN_INFINITE_RECURSION = YES;
				CLANG_WARN_INT_CONVERSION = YES;
				CLANG_WARN_OBJC_ROOT_CLASS = YES_ERROR;
				CLANG_WARN_SUSPICIOUS_MOVE = YES;
				CLANG_WARN_UNREACHABLE_CODE = YES;
				CLANG_WARN__DUPLICATE_METHOD_MATCH = YES;
				"CODE_SIGN_IDENTITY[sdk=iphoneos*]" = "iPhone Developer";
				COPY_PHASE_STRIP = NO;
				DEBUG_INFORMATION_FORMAT = dwarf;
				ENABLE_STRICT_OBJC_MSGSEND = YES;
				ENABLE_TESTABILITY = YES;
				GCC_C_LANGUAGE_STANDARD = gnu99;
				GCC_DYNAMIC_NO_PIC = NO;
				GCC_NO_COMMON_BLOCKS = YES;
				GCC_OPTIMIZATION_LEVEL = 0;
				GCC_PREPROCESSOR_DEFINITIONS = (
					"DEBUG=1",
					"$(inherited)",
				);
				GCC_WARN_64_TO_32_BIT_CONVERSION = YES;
				GCC_WARN_ABOUT_RETURN_TYPE = YES_ERROR;
				GCC_WARN_UNDECLARED_SELECTOR = YES;
				GCC_WARN_UNINITIALIZED_AUTOS = YES_AGGRESSIVE;
				GCC_WARN_UNUSED_FUNCTION = YES;
				GCC_WARN_UNUSED_VARIABLE = YES;
				IPHONEOS_DEPLOYMENT_TARGET = 10.2;
				MTL_ENABLE_DEBUG_INFO = YES;
				ONLY_ACTIVE_ARCH = YES;
				SDKROOT = iphoneos;
				SWIFT_ACTIVE_COMPILATION_CONDITIONS = DEBUG;
				SWIFT_OPTIMIZATION_LEVEL = "-Onone";
				TARGETED_DEVICE_FAMILY = "1,2";
			};
			name = Debug;
		};
		289B7D921E70F28500BB95B9 /* Release */ = {
			isa = XCBuildConfiguration;
			buildSettings = {
				ALWAYS_SEARCH_USER_PATHS = NO;
				CLANG_ANALYZER_NONNULL = YES;
				CLANG_CXX_LANGUAGE_STANDARD = "gnu++0x";
				CLANG_CXX_LIBRARY = "libc++";
				CLANG_ENABLE_MODULES = YES;
				CLANG_ENABLE_OBJC_ARC = YES;
				CLANG_WARN_BOOL_CONVERSION = YES;
				CLANG_WARN_CONSTANT_CONVERSION = YES;
				CLANG_WARN_DIRECT_OBJC_ISA_USAGE = YES_ERROR;
				CLANG_WARN_DOCUMENTATION_COMMENTS = YES;
				CLANG_WARN_EMPTY_BODY = YES;
				CLANG_WARN_ENUM_CONVERSION = YES;
				CLANG_WARN_INFINITE_RECURSION = YES;
				CLANG_WARN_INT_CONVERSION = YES;
				CLANG_WARN_OBJC_ROOT_CLASS = YES_ERROR;
				CLANG_WARN_SUSPICIOUS_MOVE = YES;
				CLANG_WARN_UNREACHABLE_CODE = YES;
				CLANG_WARN__DUPLICATE_METHOD_MATCH = YES;
				"CODE_SIGN_IDENTITY[sdk=iphoneos*]" = "iPhone Developer";
				COPY_PHASE_STRIP = NO;
				DEBUG_INFORMATION_FORMAT = "dwarf-with-dsym";
				ENABLE_NS_ASSERTIONS = NO;
				ENABLE_STRICT_OBJC_MSGSEND = YES;
				GCC_C_LANGUAGE_STANDARD = gnu99;
				GCC_NO_COMMON_BLOCKS = YES;
				GCC_WARN_64_TO_32_BIT_CONVERSION = YES;
				GCC_WARN_ABOUT_RETURN_TYPE = YES_ERROR;
				GCC_WARN_UNDECLARED_SELECTOR = YES;
				GCC_WARN_UNINITIALIZED_AUTOS = YES_AGGRESSIVE;
				GCC_WARN_UNUSED_FUNCTION = YES;
				GCC_WARN_UNUSED_VARIABLE = YES;
				IPHONEOS_DEPLOYMENT_TARGET = 10.2;
				MTL_ENABLE_DEBUG_INFO = NO;
				SDKROOT = iphoneos;
				SWIFT_OPTIMIZATION_LEVEL = "-Owholemodule";
				TARGETED_DEVICE_FAMILY = "1,2";
				VALIDATE_PRODUCT = YES;
			};
			name = Release;
		};
		289B7D941E70F28500BB95B9 /* Debug */ = {
			isa = XCBuildConfiguration;
			baseConfigurationReference = 1897F92635494CDA41555DEE /* Pods-tippy.debug.xcconfig */;
			buildSettings = {
				ASSETCATALOG_COMPILER_APPICON_NAME = AppIcon;
				DEVELOPMENT_TEAM = ZG96T3M585;
				INFOPLIST_FILE = tippy/Info.plist;
				LD_RUNPATH_SEARCH_PATHS = "$(inherited) @executable_path/Frameworks";
				PRODUCT_BUNDLE_IDENTIFIER = com.rainmandesigns.tippy;
				PRODUCT_NAME = "$(TARGET_NAME)";
				SWIFT_VERSION = 3.0;
			};
			name = Debug;
		};
		289B7D951E70F28500BB95B9 /* Release */ = {
			isa = XCBuildConfiguration;
			baseConfigurationReference = 5C4F37AD00532B01D8ED0BE4 /* Pods-tippy.release.xcconfig */;
			buildSettings = {
				ASSETCATALOG_COMPILER_APPICON_NAME = AppIcon;
				DEVELOPMENT_TEAM = ZG96T3M585;
				INFOPLIST_FILE = tippy/Info.plist;
				LD_RUNPATH_SEARCH_PATHS = "$(inherited) @executable_path/Frameworks";
				PRODUCT_BUNDLE_IDENTIFIER = com.rainmandesigns.tippy;
				PRODUCT_NAME = "$(TARGET_NAME)";
				SWIFT_VERSION = 3.0;
			};
			name = Release;
		};
		289B7D971E70F28500BB95B9 /* Debug */ = {
			isa = XCBuildConfiguration;
			baseConfigurationReference = BD9CFC93704E3806A6CAC5A2 /* Pods-tippyTests.debug.xcconfig */;
			buildSettings = {
				ALWAYS_EMBED_SWIFT_STANDARD_LIBRARIES = YES;
				BUNDLE_LOADER = "$(TEST_HOST)";
				DEVELOPMENT_TEAM = ZG96T3M585;
				INFOPLIST_FILE = tippyTests/Info.plist;
				LD_RUNPATH_SEARCH_PATHS = "$(inherited) @executable_path/Frameworks @loader_path/Frameworks";
				PRODUCT_BUNDLE_IDENTIFIER = com.rainmandesigns.tippyTests;
				PRODUCT_NAME = "$(TARGET_NAME)";
				SWIFT_VERSION = 3.0;
				TEST_HOST = "$(BUILT_PRODUCTS_DIR)/tippy.app/tippy";
			};
			name = Debug;
		};
		289B7D981E70F28500BB95B9 /* Release */ = {
			isa = XCBuildConfiguration;
			baseConfigurationReference = D2445DD2E0360640C137E909 /* Pods-tippyTests.release.xcconfig */;
			buildSettings = {
				ALWAYS_EMBED_SWIFT_STANDARD_LIBRARIES = YES;
				BUNDLE_LOADER = "$(TEST_HOST)";
				DEVELOPMENT_TEAM = ZG96T3M585;
				INFOPLIST_FILE = tippyTests/Info.plist;
				LD_RUNPATH_SEARCH_PATHS = "$(inherited) @executable_path/Frameworks @loader_path/Frameworks";
				PRODUCT_BUNDLE_IDENTIFIER = com.rainmandesigns.tippyTests;
				PRODUCT_NAME = "$(TARGET_NAME)";
				SWIFT_VERSION = 3.0;
				TEST_HOST = "$(BUILT_PRODUCTS_DIR)/tippy.app/tippy";
			};
			name = Release;
		};
		289B7D9A1E70F28500BB95B9 /* Debug */ = {
			isa = XCBuildConfiguration;
			baseConfigurationReference = 58C81F0F7B3064EFF8C343AC /* Pods-tippyUITests.debug.xcconfig */;
			buildSettings = {
				ALWAYS_EMBED_SWIFT_STANDARD_LIBRARIES = YES;
				DEVELOPMENT_TEAM = ZG96T3M585;
				INFOPLIST_FILE = tippyUITests/Info.plist;
				LD_RUNPATH_SEARCH_PATHS = "$(inherited) @executable_path/Frameworks @loader_path/Frameworks";
				PRODUCT_BUNDLE_IDENTIFIER = com.rainmandesigns.tippyUITests;
				PRODUCT_NAME = "$(TARGET_NAME)";
				SWIFT_VERSION = 3.0;
				TEST_TARGET_NAME = tippy;
			};
			name = Debug;
		};
		289B7D9B1E70F28500BB95B9 /* Release */ = {
			isa = XCBuildConfiguration;
			baseConfigurationReference = ECCC491F257442AA3F60FBF8 /* Pods-tippyUITests.release.xcconfig */;
			buildSettings = {
				ALWAYS_EMBED_SWIFT_STANDARD_LIBRARIES = YES;
				DEVELOPMENT_TEAM = ZG96T3M585;
				INFOPLIST_FILE = tippyUITests/Info.plist;
				LD_RUNPATH_SEARCH_PATHS = "$(inherited) @executable_path/Frameworks @loader_path/Frameworks";
				PRODUCT_BUNDLE_IDENTIFIER = com.rainmandesigns.tippyUITests;
				PRODUCT_NAME = "$(TARGET_NAME)";
				SWIFT_VERSION = 3.0;
				TEST_TARGET_NAME = tippy;
			};
			name = Release;
		};
/* End XCBuildConfiguration section */

/* Begin XCConfigurationList section */
		289B7D661E70F28400BB95B9 /* Build configuration list for PBXProject "tippy" */ = {
			isa = XCConfigurationList;
			buildConfigurations = (
				289B7D911E70F28500BB95B9 /* Debug */,
				289B7D921E70F28500BB95B9 /* Release */,
			);
			defaultConfigurationIsVisible = 0;
			defaultConfigurationName = Release;
		};
		289B7D931E70F28500BB95B9 /* Build configuration list for PBXNativeTarget "tippy" */ = {
			isa = XCConfigurationList;
			buildConfigurations = (
				289B7D941E70F28500BB95B9 /* Debug */,
				289B7D951E70F28500BB95B9 /* Release */,
			);
			defaultConfigurationIsVisible = 0;
			defaultConfigurationName = Release;
		};
		289B7D961E70F28500BB95B9 /* Build configuration list for PBXNativeTarget "tippyTests" */ = {
			isa = XCConfigurationList;
			buildConfigurations = (
				289B7D971E70F28500BB95B9 /* Debug */,
				289B7D981E70F28500BB95B9 /* Release */,
			);
			defaultConfigurationIsVisible = 0;
			defaultConfigurationName = Release;
		};
		289B7D991E70F28500BB95B9 /* Build configuration list for PBXNativeTarget "tippyUITests" */ = {
			isa = XCConfigurationList;
			buildConfigurations = (
				289B7D9A1E70F28500BB95B9 /* Debug */,
				289B7D9B1E70F28500BB95B9 /* Release */,
			);
			defaultConfigurationIsVisible = 0;
			defaultConfigurationName = Release;
		};
/* End XCConfigurationList section */
	};
	rootObject = 289B7D631E70F28300BB95B9 /* Project object */;
}
